
Microsoft Visual Studio Solution File, Format Version 12.00
# Visual Studio Version 17
VisualStudioVersion = 17.5.002.0
MinimumVisualStudioVersion = 10.0.40219.1
Project("{2150E333-8FDC-42A3-9474-1A3956D46DE8}") = "Lesson1", "Lesson1", "{28B99A56-9374-4BD3-856D-A4FF4E5B1A27}"
EndProject
Project("{9A19103F-16F7-4668-BE54-9A1E7A4F7556}") = "Tusk1", "Lesson1\Tusk1\Tusk1.csproj", "{5D1E86A7-DD4C-4D1C-AB97-D36E4CDB1321}"
EndProject
Global
	GlobalSection(SolutionConfigurationPlatforms) = preSolution
		Debug|Any CPU = Debug|Any CPU
		Release|Any CPU = Release|Any CPU
	EndGlobalSection
	GlobalSection(ProjectConfigurationPlatforms) = postSolution
		{5D1E86A7-DD4C-4D1C-AB97-D36E4CDB1321}.Debug|Any CPU.ActiveCfg = Debug|Any CPU
		{5D1E86A7-DD4C-4D1C-AB97-D36E4CDB1321}.Debug|Any CPU.Build.0 = Debug|Any CPU
		{5D1E86A7-DD4C-4D1C-AB97-D36E4CDB1321}.Release|Any CPU.ActiveCfg = Release|Any CPU
		{5D1E86A7-DD4C-4D1C-AB97-D36E4CDB1321}.Release|Any CPU.Build.0 = Release|Any CPU
	EndGlobalSection
	GlobalSection(SolutionProperties) = preSolution
		HideSolutionNode = FALSE
	EndGlobalSection
	GlobalSection(NestedProjects) = preSolution
		{5D1E86A7-DD4C-4D1C-AB97-D36E4CDB1321} = {28B99A56-9374-4BD3-856D-A4FF4E5B1A27}
	EndGlobalSection
	GlobalSection(ExtensibilityGlobals) = postSolution
		SolutionGuid = {09A3369D-9A24-44F4-9A1D-2854A3B6B8B9}
	EndGlobalSection
EndGlobal
